<?xml version="1.0" encoding="utf-8"?>
<Project ToolsVersion="4.0" xmlns="http://schemas.microsoft.com/developer/msbuild/2003">
  <ItemGroup>
    <Filter Include="Source Files">
      <UniqueIdentifier>{4FC737F1-C7A5-4376-A066-2A32D752A2FF}</UniqueIdentifier>
      <Extensions>cpp;c;cc;cxx;def;odl;idl;hpj;bat;asm;asmx</Extensions>
    </Filter>
    <Filter Include="Header Files">
      <UniqueIdentifier>{93995380-89BD-4b04-88EB-625FBE52EBFB}</UniqueIdentifier>
      <Extensions>h;hh;hpp;hxx;hm;inl;inc;xsd</Extensions>
    </Filter>
    <Filter Include="Resource Files">
      <UniqueIdentifier>{67DA6AB6-F800-4c08-8B7A-83BB121AAD01}</UniqueIdentifier>
      <Extensions>rc;ico;cur;bmp;dlg;rc2;rct;bin;rgs;gif;jpg;jpeg;jpe;resx;tiff;tif;png;wav;mfcribbon-ms</Extensions>
    </Filter>
  </ItemGroup>
  <ItemGroup>
    <Text Include="ReadMe.txt" />
  </ItemGroup>
  <ItemGroup>
    <ClInclude Include="stdafx.h">
      <Filter>Header Files</Filter>
    </ClInclude>
    <ClInclude Include="targetver.h">
      <Filter>Header Files</Filter>
    </ClInclude>
  </ItemGroup>
  <ItemGroup>
    <ClCompile Include="stdafx.cpp">
      <Filter>Source Files</Filter>
    </ClCompile>
    <ClCompile Include="GardenerService3.cpp">
      <Filter>Source Files</Filter>
    </ClCompile>
    <ClCompile Include="external\alljoyn_cpp\src\AboutData.cc">
      <Filter>Source Files</Filter>
    </ClCompile>
    <ClCompile Include="external\alljoyn_cpp\src\AboutIcon.cc">
      <Filter>Source Files</Filter>
    </ClCompile>
    <ClCompile Include="external\alljoyn_cpp\src\AboutIconObj.cc">
      <Filter>Source Files</Filter>
    </ClCompile>
    <ClCompile Include="external\alljoyn_cpp\src\AboutIconProxy.cc">
      <Filter>Source Files</Filter>
    </ClCompile>
    <ClCompile Include="external\alljoyn_cpp\src\AboutObj.cc">
      <Filter>Source Files</Filter>
    </ClCompile>
    <ClCompile Include="external\alljoyn_cpp\src\AboutObjectDescription.cc">
      <Filter>Source Files</Filter>
    </ClCompile>
    <ClCompile Include="external\alljoyn_cpp\src\AboutProxy.cc">
      <Filter>Source Files</Filter>
    </ClCompile>
    <ClCompile Include="external\alljoyn_cpp\src\AllJoynCrypto.cc">
      <Filter>Source Files</Filter>
    </ClCompile>
    <ClCompile Include="external\alljoyn_cpp\src\AllJoynPeerObj.cc">
      <Filter>Source Files</Filter>
    </ClCompile>
    <ClCompile Include="external\alljoyn_cpp\src\AllJoynStd.cc">
      <Filter>Source Files</Filter>
    </ClCompile>
    <ClCompile Include="external\alljoyn_cpp\src\AuthMechLogon.cc">
      <Filter>Source Files</Filter>
    </ClCompile>
    <ClCompile Include="external\alljoyn_cpp\src\AuthMechPIN.cc">
      <Filter>Source Files</Filter>
    </ClCompile>
    <ClCompile Include="external\alljoyn_cpp\src\AuthMechRSA.cc">
      <Filter>Source Files</Filter>
    </ClCompile>
    <ClCompile Include="external\alljoyn_cpp\src\AuthMechSRP.cc">
      <Filter>Source Files</Filter>
    </ClCompile>
    <ClCompile Include="external\alljoyn_cpp\src\AutoPinger.cc">
      <Filter>Source Files</Filter>
    </ClCompile>
    <ClCompile Include="external\alljoyn_cpp\src\AutoPingerInternal.cc">
      <Filter>Source Files</Filter>
    </ClCompile>
    <ClCompile Include="external\alljoyn_cpp\src\BusAttachment.cc">
      <Filter>Source Files</Filter>
    </ClCompile>
    <ClCompile Include="external\alljoyn_cpp\src\BusEndpoint.cc">
      <Filter>Source Files</Filter>
    </ClCompile>
    <ClCompile Include="external\alljoyn_cpp\src\BusObject.cc">
      <Filter>Source Files</Filter>
    </ClCompile>
    <ClCompile Include="external\alljoyn_cpp\src\BusUtil.cc">
      <Filter>Source Files</Filter>
    </ClCompile>
    <ClCompile Include="external\alljoyn_cpp\src\ClientRouter.cc">
      <Filter>Source Files</Filter>
    </ClCompile>
    <ClCompile Include="external\alljoyn_cpp\src\ClientTransport.cc">
      <Filter>Source Files</Filter>
    </ClCompile>
    <ClCompile Include="external\alljoyn_cpp\src\CompressionRules.cc">
      <Filter>Source Files</Filter>
    </ClCompile>
    <ClCompile Include="external\alljoyn_cpp\src\CredentialAccessor.cc">
      <Filter>Source Files</Filter>
    </ClCompile>
    <ClCompile Include="external\alljoyn_cpp\src\DBusCookieSHA1.cc">
      <Filter>Source Files</Filter>
    </ClCompile>
    <ClCompile Include="external\alljoyn_cpp\src\DBusStd.cc">
      <Filter>Source Files</Filter>
    </ClCompile>
    <ClCompile Include="external\alljoyn_cpp\src\EndpointAuth.cc">
      <Filter>Source Files</Filter>
    </ClCompile>
    <ClCompile Include="external\alljoyn_cpp\src\InterfaceDescription.cc">
      <Filter>Source Files</Filter>
    </ClCompile>
    <ClCompile Include="external\alljoyn_cpp\src\KeyExchanger.cc">
      <Filter>Source Files</Filter>
    </ClCompile>
    <ClCompile Include="external\alljoyn_cpp\src\KeyStore.cc">
      <Filter>Source Files</Filter>
    </ClCompile>
    <ClCompile Include="external\alljoyn_cpp\src\LocalTransport.cc">
      <Filter>Source Files</Filter>
    </ClCompile>
    <ClCompile Include="external\alljoyn_cpp\src\Message.cc">
      <Filter>Source Files</Filter>
    </ClCompile>
    <ClCompile Include="external\alljoyn_cpp\src\Message_Gen.cc">
      <Filter>Source Files</Filter>
    </ClCompile>
    <ClCompile Include="external\alljoyn_cpp\src\Message_Parse.cc">
      <Filter>Source Files</Filter>
    </ClCompile>
    <ClCompile Include="external\alljoyn_cpp\src\MethodTable.cc">
      <Filter>Source Files</Filter>
    </ClCompile>
    <ClCompile Include="external\alljoyn_cpp\src\MsgArg.cc">
      <Filter>Source Files</Filter>
    </ClCompile>
    <ClCompile Include="external\alljoyn_cpp\src\NullTransport.cc">
      <Filter>Source Files</Filter>
    </ClCompile>
    <ClCompile Include="external\alljoyn_cpp\src\PasswordManager.cc">
      <Filter>Source Files</Filter>
    </ClCompile>
    <ClCompile Include="external\alljoyn_cpp\src\PeerState.cc">
      <Filter>Source Files</Filter>
    </ClCompile>
    <ClCompile Include="external\alljoyn_cpp\src\ProtectedAuthListener.cc">
      <Filter>Source Files</Filter>
    </ClCompile>
    <ClCompile Include="external\alljoyn_cpp\src\ProxyBusObject.cc">
      <Filter>Source Files</Filter>
    </ClCompile>
    <ClCompile Include="external\alljoyn_cpp\src\RemoteEndpoint.cc">
      <Filter>Source Files</Filter>
    </ClCompile>
    <ClCompile Include="external\alljoyn_cpp\src\Rule.cc">
      <Filter>Source Files</Filter>
    </ClCompile>
    <ClCompile Include="external\alljoyn_cpp\src\SASLEngine.cc">
      <Filter>Source Files</Filter>
    </ClCompile>
    <ClCompile Include="external\alljoyn_cpp\src\SessionOpts.cc">
      <Filter>Source Files</Filter>
    </ClCompile>
    <ClCompile Include="external\alljoyn_cpp\src\SignalTable.cc">
      <Filter>Source Files</Filter>
    </ClCompile>
    <ClCompile Include="external\alljoyn_cpp\src\SignatureUtils.cc">
      <Filter>Source Files</Filter>
    </ClCompile>
    <ClCompile Include="external\alljoyn_cpp\src\SimpleBusListener.cc">
      <Filter>Source Files</Filter>
    </ClCompile>
    <ClCompile Include="external\alljoyn_cpp\src\Transport.cc">
      <Filter>Source Files</Filter>
    </ClCompile>
    <ClCompile Include="external\alljoyn_cpp\src\TransportList.cc">
      <Filter>Source Files</Filter>
    </ClCompile>
    <ClCompile Include="external\alljoyn_cpp\src\version.cc">
      <Filter>Source Files</Filter>
    </ClCompile>
  </ItemGroup>
</Project>